
Microsoft Visual Studio Solution File, Format Version 12.00
# Visual Studio 15
VisualStudioVersion = 15.0.28010.2026
MinimumVisualStudioVersion = 10.0.40219.1
Project("{FAE04EC0-301F-11D3-BF4B-00C04F79EFBC}") = "KCDriver.Android", "KCDriver\KCDriver.Android\KCDriver.Android.csproj", "{45BAFA9C-B8D2-474A-B3F4-AA97C52EEB17}"
EndProject
Project("{FAE04EC0-301F-11D3-BF4B-00C04F79EFBC}") = "KCDriver.iOS", "KCDriver\KCDriver.iOS\KCDriver.iOS.csproj", "{E5DB9400-31CA-4EBA-AE30-DA92474FB6BF}"
EndProject
Project("{9A19103F-16F7-4668-BE54-9A1E7A4F7556}") = "KCDriver", "KCDriver\KCDriver\KCDriver.csproj", "{44CDE81A-37C3-45A1-918B-F90DD8EFB3FB}"
EndProject
Project("{2150E333-8FDC-42A3-9474-1A3956D46DE8}") = "Solution Items", "Solution Items", "{808C4E3C-937A-4A3C-857A-DD70E0580DC3}"
	ProjectSection(SolutionItems) = preProject
		logo2-small.png = logo2-small.png
	EndProjectSection
EndProject
Project("{2150E333-8FDC-42A3-9474-1A3956D46DE8}") = "Documents", "Documents", "{0A8ACBC6-0B46-463D-BE8A-92359B1B9007}"
	ProjectSection(SolutionItems) = preProject
		..\..\..\..\Downloads\webserver summary.txt = ..\..\..\..\Downloads\webserver summary.txt
	EndProjectSection
EndProject
Global
	GlobalSection(SolutionConfigurationPlatforms) = preSolution
		Ad-Hoc|Any CPU = Ad-Hoc|Any CPU
		Ad-Hoc|iPhone = Ad-Hoc|iPhone
		Ad-Hoc|iPhoneSimulator = Ad-Hoc|iPhoneSimulator
		AppStore|Any CPU = AppStore|Any CPU
		AppStore|iPhone = AppStore|iPhone
		AppStore|iPhoneSimulator = AppStore|iPhoneSimulator
		Debug|Any CPU = Debug|Any CPU
		Debug|iPhone = Debug|iPhone
		Debug|iPhoneSimulator = Debug|iPhoneSimulator
		Release|Any CPU = Release|Any CPU
		Release|iPhone = Release|iPhone
		Release|iPhoneSimulator = Release|iPhoneSimulator
	EndGlobalSection
	GlobalSection(ProjectConfigurationPlatforms) = postSolution
		{45BAFA9C-B8D2-474A-B3F4-AA97C52EEB17}.Ad-Hoc|Any CPU.ActiveCfg = Release|Any CPU
		{45BAFA9C-B8D2-474A-B3F4-AA97C52EEB17}.Ad-Hoc|Any CPU.Build.0 = Release|Any CPU
		{45BAFA9C-B8D2-474A-B3F4-AA97C52EEB17}.Ad-Hoc|Any CPU.Deploy.0 = Release|Any CPU
		{45BAFA9C-B8D2-474A-B3F4-AA97C52EEB17}.Ad-Hoc|iPhone.ActiveCfg = Release|Any CPU
		{45BAFA9C-B8D2-474A-B3F4-AA97C52EEB17}.Ad-Hoc|iPhone.Build.0 = Release|Any CPU
		{45BAFA9C-B8D2-474A-B3F4-AA97C52EEB17}.Ad-Hoc|iPhone.Deploy.0 = Release|Any CPU
		{45BAFA9C-B8D2-474A-B3F4-AA97C52EEB17}.Ad-Hoc|iPhoneSimulator.ActiveCfg = Release|Any CPU
		{45BAFA9C-B8D2-474A-B3F4-AA97C52EEB17}.Ad-Hoc|iPhoneSimulator.Build.0 = Release|Any CPU
		{45BAFA9C-B8D2-474A-B3F4-AA97C52EEB17}.Ad-Hoc|iPhoneSimulator.Deploy.0 = Release|Any CPU
		{45BAFA9C-B8D2-474A-B3F4-AA97C52EEB17}.AppStore|Any CPU.ActiveCfg = Release|Any CPU
		{45BAFA9C-B8D2-474A-B3F4-AA97C52EEB17}.AppStore|Any CPU.Build.0 = Release|Any CPU
		{45BAFA9C-B8D2-474A-B3F4-AA97C52EEB17}.AppStore|Any CPU.Deploy.0 = Release|Any CPU
		{45BAFA9C-B8D2-474A-B3F4-AA97C52EEB17}.AppStore|iPhone.ActiveCfg = Release|Any CPU
		{45BAFA9C-B8D2-474A-B3F4-AA97C52EEB17}.AppStore|iPhone.Build.0 = Release|Any CPU
		{45BAFA9C-B8D2-474A-B3F4-AA97C52EEB17}.AppStore|iPhone.Deploy.0 = Release|Any CPU
		{45BAFA9C-B8D2-474A-B3F4-AA97C52EEB17}.AppStore|iPhoneSimulator.ActiveCfg = Release|Any CPU
		{45BAFA9C-B8D2-474A-B3F4-AA97C52EEB17}.AppStore|iPhoneSimulator.Build.0 = Release|Any CPU
		{45BAFA9C-B8D2-474A-B3F4-AA97C52EEB17}.AppStore|iPhoneSimulator.Deploy.0 = Release|Any CPU
		{45BAFA9C-B8D2-474A-B3F4-AA97C52EEB17}.Debug|Any CPU.ActiveCfg = Debug|Any CPU
		{45BAFA9C-B8D2-474A-B3F4-AA97C52EEB17}.Debug|Any CPU.Build.0 = Debug|Any CPU
		{45BAFA9C-B8D2-474A-B3F4-AA97C52EEB17}.Debug|Any CPU.Deploy.0 = Debug|Any CPU
		{45BAFA9C-B8D2-474A-B3F4-AA97C52EEB17}.Debug|iPhone.ActiveCfg = Debug|Any CPU
		{45BAFA9C-B8D2-474A-B3F4-AA97C52EEB17}.Debug|iPhone.Build.0 = Debug|Any CPU
		{45BAFA9C-B8D2-474A-B3F4-AA97C52EEB17}.Debug|iPhone.Deploy.0 = Debug|Any CPU
		{45BAFA9C-B8D2-474A-B3F4-AA97C52EEB17}.Debug|iPhoneSimulator.ActiveCfg = Debug|Any CPU
		{45BAFA9C-B8D2-474A-B3F4-AA97C52EEB17}.Debug|iPhoneSimulator.Build.0 = Debug|Any CPU
		{45BAFA9C-B8D2-474A-B3F4-AA97C52EEB17}.Debug|iPhoneSimulator.Deploy.0 = Debug|Any CPU
		{45BAFA9C-B8D2-474A-B3F4-AA97C52EEB17}.Release|Any CPU.ActiveCfg = Release|Any CPU
		{45BAFA9C-B8D2-474A-B3F4-AA97C52EEB17}.Release|Any CPU.Build.0 = Release|Any CPU
		{45BAFA9C-B8D2-474A-B3F4-AA97C52EEB17}.Release|Any CPU.Deploy.0 = Release|Any CPU
		{45BAFA9C-B8D2-474A-B3F4-AA97C52EEB17}.Release|iPhone.ActiveCfg = Release|Any CPU
		{45BAFA9C-B8D2-474A-B3F4-AA97C52EEB17}.Release|iPhone.Build.0 = Release|Any CPU
		{45BAFA9C-B8D2-474A-B3F4-AA97C52EEB17}.Release|iPhone.Deploy.0 = Release|Any CPU
		{45BAFA9C-B8D2-474A-B3F4-AA97C52EEB17}.Release|iPhoneSimulator.ActiveCfg = Release|Any CPU
		{45BAFA9C-B8D2-474A-B3F4-AA97C52EEB17}.Release|iPhoneSimulator.Build.0 = Release|Any CPU
		{45BAFA9C-B8D2-474A-B3F4-AA97C52EEB17}.Release|iPhoneSimulator.Deploy.0 = Release|Any CPU
		{E5DB9400-31CA-4EBA-AE30-DA92474FB6BF}.Ad-Hoc|Any CPU.ActiveCfg = Ad-Hoc|iPhone
		{E5DB9400-31CA-4EBA-AE30-DA92474FB6BF}.Ad-Hoc|Any CPU.Build.0 = Ad-Hoc|iPhone
		{E5DB9400-31CA-4EBA-AE30-DA92474FB6BF}.Ad-Hoc|Any CPU.Deploy.0 = Ad-Hoc|iPhone
		{E5DB9400-31CA-4EBA-AE30-DA92474FB6BF}.Ad-Hoc|iPhone.ActiveCfg = Ad-Hoc|iPhone
		{E5DB9400-31CA-4EBA-AE30-DA92474FB6BF}.Ad-Hoc|iPhone.Build.0 = Ad-Hoc|iPhone
		{E5DB9400-31CA-4EBA-AE30-DA92474FB6BF}.Ad-Hoc|iPhone.Deploy.0 = Ad-Hoc|iPhone
		{E5DB9400-31CA-4EBA-AE30-DA92474FB6BF}.Ad-Hoc|iPhoneSimulator.ActiveCfg = Ad-Hoc|iPhoneSimulator
		{E5DB9400-31CA-4EBA-AE30-DA92474FB6BF}.Ad-Hoc|iPhoneSimulator.Build.0 = Ad-Hoc|iPhoneSimulator
		{E5DB9400-31CA-4EBA-AE30-DA92474FB6BF}.Ad-Hoc|iPhoneSimulator.Deploy.0 = Ad-Hoc|iPhoneSimulator
		{E5DB9400-31CA-4EBA-AE30-DA92474FB6BF}.AppStore|Any CPU.ActiveCfg = AppStore|iPhone
		{E5DB9400-31CA-4EBA-AE30-DA92474FB6BF}.AppStore|Any CPU.Build.0 = AppStore|iPhone
		{E5DB9400-31CA-4EBA-AE30-DA92474FB6BF}.AppStore|Any CPU.Deploy.0 = AppStore|iPhone
		{E5DB9400-31CA-4EBA-AE30-DA92474FB6BF}.AppStore|iPhone.ActiveCfg = AppStore|iPhone
		{E5DB9400-31CA-4EBA-AE30-DA92474FB6BF}.AppStore|iPhone.Build.0 = AppStore|iPhone
		{E5DB9400-31CA-4EBA-AE30-DA92474FB6BF}.AppStore|iPhone.Deploy.0 = AppStore|iPhone
		{E5DB9400-31CA-4EBA-AE30-DA92474FB6BF}.AppStore|iPhoneSimulator.ActiveCfg = AppStore|iPhoneSimulator
		{E5DB9400-31CA-4EBA-AE30-DA92474FB6BF}.AppStore|iPhoneSimulator.Build.0 = AppStore|iPhoneSimulator
		{E5DB9400-31CA-4EBA-AE30-DA92474FB6BF}.AppStore|iPhoneSimulator.Deploy.0 = AppStore|iPhoneSimulator
		{E5DB9400-31CA-4EBA-AE30-DA92474FB6BF}.Debug|Any CPU.ActiveCfg = Debug|iPhoneSimulator
		{E5DB9400-31CA-4EBA-AE30-DA92474FB6BF}.Debug|Any CPU.Build.0 = Debug|iPhoneSimulator
		{E5DB9400-31CA-4EBA-AE30-DA92474FB6BF}.Debug|Any CPU.Deploy.0 = Debug|iPhoneSimulator
		{E5DB9400-31CA-4EBA-AE30-DA92474FB6BF}.Debug|iPhone.ActiveCfg = Debug|iPhone
		{E5DB9400-31CA-4EBA-AE30-DA92474FB6BF}.Debug|iPhone.Build.0 = Debug|iPhone
		{E5DB9400-31CA-4EBA-AE30-DA92474FB6BF}.Debug|iPhone.Deploy.0 = Debug|iPhone
		{E5DB9400-31CA-4EBA-AE30-DA92474FB6BF}.Debug|iPhoneSimulator.ActiveCfg = Debug|iPhoneSimulator
		{E5DB9400-31CA-4EBA-AE30-DA92474FB6BF}.Debug|iPhoneSimulator.Build.0 = Debug|iPhoneSimulator
		{E5DB9400-31CA-4EBA-AE30-DA92474FB6BF}.Debug|iPhoneSimulator.Deploy.0 = Debug|iPhoneSimulator
		{E5DB9400-31CA-4EBA-AE30-DA92474FB6BF}.Release|Any CPU.ActiveCfg = Release|iPhone
		{E5DB9400-31CA-4EBA-AE30-DA92474FB6BF}.Release|Any CPU.Build.0 = Release|iPhone
		{E5DB9400-31CA-4EBA-AE30-DA92474FB6BF}.Release|Any CPU.Deploy.0 = Release|iPhone
		{E5DB9400-31CA-4EBA-AE30-DA92474FB6BF}.Release|iPhone.ActiveCfg = Release|iPhone
		{E5DB9400-31CA-4EBA-AE30-DA92474FB6BF}.Release|iPhone.Build.0 = Release|iPhone
		{E5DB9400-31CA-4EBA-AE30-DA92474FB6BF}.Release|iPhone.Deploy.0 = Release|iPhone
		{E5DB9400-31CA-4EBA-AE30-DA92474FB6BF}.Release|iPhoneSimulator.ActiveCfg = Release|iPhoneSimulator
		{E5DB9400-31CA-4EBA-AE30-DA92474FB6BF}.Release|iPhoneSimulator.Build.0 = Release|iPhoneSimulator
		{E5DB9400-31CA-4EBA-AE30-DA92474FB6BF}.Release|iPhoneSimulator.Deploy.0 = Release|iPhoneSimulator
		{44CDE81A-37C3-45A1-918B-F90DD8EFB3FB}.Ad-Hoc|Any CPU.ActiveCfg = Debug|Any CPU
		{44CDE81A-37C3-45A1-918B-F90DD8EFB3FB}.Ad-Hoc|Any CPU.Build.0 = Debug|Any CPU
		{44CDE81A-37C3-45A1-918B-F90DD8EFB3FB}.Ad-Hoc|Any CPU.Deploy.0 = Debug|Any CPU
		{44CDE81A-37C3-45A1-918B-F90DD8EFB3FB}.Ad-Hoc|iPhone.ActiveCfg = Debug|Any CPU
		{44CDE81A-37C3-45A1-918B-F90DD8EFB3FB}.Ad-Hoc|iPhone.Build.0 = Debug|Any CPU
		{44CDE81A-37C3-45A1-918B-F90DD8EFB3FB}.Ad-Hoc|iPhone.Deploy.0 = Debug|Any CPU
		{44CDE81A-37C3-45A1-918B-F90DD8EFB3FB}.Ad-Hoc|iPhoneSimulator.ActiveCfg = Debug|Any CPU
		{44CDE81A-37C3-45A1-918B-F90DD8EFB3FB}.Ad-Hoc|iPhoneSimulator.Build.0 = Debug|Any CPU
		{44CDE81A-37C3-45A1-918B-F90DD8EFB3FB}.Ad-Hoc|iPhoneSimulator.Deploy.0 = Debug|Any CPU
		{44CDE81A-37C3-45A1-918B-F90DD8EFB3FB}.AppStore|Any CPU.ActiveCfg = Debug|Any CPU
		{44CDE81A-37C3-45A1-918B-F90DD8EFB3FB}.AppStore|Any CPU.Build.0 = Debug|Any CPU
		{44CDE81A-37C3-45A1-918B-F90DD8EFB3FB}.AppStore|Any CPU.Deploy.0 = Debug|Any CPU
		{44CDE81A-37C3-45A1-918B-F90DD8EFB3FB}.AppStore|iPhone.ActiveCfg = Debug|Any CPU
		{44CDE81A-37C3-45A1-918B-F90DD8EFB3FB}.AppStore|iPhone.Build.0 = Debug|Any CPU
		{44CDE81A-37C3-45A1-918B-F90DD8EFB3FB}.AppStore|iPhone.Deploy.0 = Debug|Any CPU
		{44CDE81A-37C3-45A1-918B-F90DD8EFB3FB}.AppStore|iPhoneSimulator.ActiveCfg = Debug|Any CPU
		{44CDE81A-37C3-45A1-918B-F90DD8EFB3FB}.AppStore|iPhoneSimulator.Build.0 = Debug|Any CPU
		{44CDE81A-37C3-45A1-918B-F90DD8EFB3FB}.AppStore|iPhoneSimulator.Deploy.0 = Debug|Any CPU
		{44CDE81A-37C3-45A1-918B-F90DD8EFB3FB}.Debug|Any CPU.ActiveCfg = Debug|Any CPU
		{44CDE81A-37C3-45A1-918B-F90DD8EFB3FB}.Debug|Any CPU.Build.0 = Debug|Any CPU
		{44CDE81A-37C3-45A1-918B-F90DD8EFB3FB}.Debug|Any CPU.Deploy.0 = Debug|Any CPU
		{44CDE81A-37C3-45A1-918B-F90DD8EFB3FB}.Debug|iPhone.ActiveCfg = Debug|Any CPU
		{44CDE81A-37C3-45A1-918B-F90DD8EFB3FB}.Debug|iPhone.Build.0 = Debug|Any CPU
		{44CDE81A-37C3-45A1-918B-F90DD8EFB3FB}.Debug|iPhone.Deploy.0 = Debug|Any CPU
		{44CDE81A-37C3-45A1-918B-F90DD8EFB3FB}.Debug|iPhoneSimulator.ActiveCfg = Debug|Any CPU
		{44CDE81A-37C3-45A1-918B-F90DD8EFB3FB}.Debug|iPhoneSimulator.Build.0 = Debug|Any CPU
		{44CDE81A-37C3-45A1-918B-F90DD8EFB3FB}.Debug|iPhoneSimulator.Deploy.0 = Debug|Any CPU
		{44CDE81A-37C3-45A1-918B-F90DD8EFB3FB}.Release|Any CPU.ActiveCfg = Release|Any CPU
		{44CDE81A-37C3-45A1-918B-F90DD8EFB3FB}.Release|Any CPU.Build.0 = Release|Any CPU
		{44CDE81A-37C3-45A1-918B-F90DD8EFB3FB}.Release|Any CPU.Deploy.0 = Release|Any CPU
		{44CDE81A-37C3-45A1-918B-F90DD8EFB3FB}.Release|iPhone.ActiveCfg = Release|Any CPU
		{44CDE81A-37C3-45A1-918B-F90DD8EFB3FB}.Release|iPhone.Build.0 = Release|Any CPU
		{44CDE81A-37C3-45A1-918B-F90DD8EFB3FB}.Release|iPhone.Deploy.0 = Release|Any CPU
		{44CDE81A-37C3-45A1-918B-F90DD8EFB3FB}.Release|iPhoneSimulator.ActiveCfg = Release|Any CPU
		{44CDE81A-37C3-45A1-918B-F90DD8EFB3FB}.Release|iPhoneSimulator.Build.0 = Release|Any CPU
		{44CDE81A-37C3-45A1-918B-F90DD8EFB3FB}.Release|iPhoneSimulator.Deploy.0 = Release|Any CPU
	EndGlobalSection
	GlobalSection(SolutionProperties) = preSolution
		HideSolutionNode = FALSE
	EndGlobalSection
	GlobalSection(ExtensibilityGlobals) = postSolution
		SolutionGuid = {9DDFA08A-8629-42C8-B713-74E7F206D205}
	EndGlobalSection
EndGlobal
